
Microsoft Visual Studio Solution File, Format Version 12.00
# Visual Studio Version 16
VisualStudioVersion = 16.0.31729.503
MinimumVisualStudioVersion = 10.0.40219.1
Project("{FAE04EC0-301F-11D3-BF4B-00C04F79EFBC}") = "NumberGuesser", "NumberGuesser.csproj", "{01448EC5-5DDF-447B-A53B-01EFBBE39294}"
EndProject
Global
	GlobalSection(SolutionConfigurationPlatforms) = preSolution
		Debug|Any CPU = Debug|Any CPU
		Release|Any CPU = Release|Any CPU
	EndGlobalSection
	GlobalSection(ProjectConfigurationPlatforms) = postSolution
		{01448EC5-5DDF-447B-A53B-01EFBBE39294}.Debug|Any CPU.ActiveCfg = Debug|Any CPU
		{01448EC5-5DDF-447B-A53B-01EFBBE39294}.Debug|Any CPU.Build.0 = Debug|Any CPU
		{01448EC5-5DDF-447B-A53B-01EFBBE39294}.Release|Any CPU.ActiveCfg = Release|Any CPU
		{01448EC5-5DDF-447B-A53B-01EFBBE39294}.Release|Any CPU.Build.0 = Release|Any CPU
	EndGlobalSection
	GlobalSection(SolutionProperties) = preSolution
		HideSolutionNode = FALSE
	EndGlobalSection
	GlobalSection(ExtensibilityGlobals) = postSolution
		SolutionGuid = {C445055C-15A4-4234-BCCD-CD0EB25BA489}
	EndGlobalSection
EndGlobal
